
Microsoft Visual Studio Solution File, Format Version 12.00
# Visual Studio Version 17
VisualStudioVersion = 17.5.002.0
MinimumVisualStudioVersion = 10.0.40219.1
Project("{9A19103F-16F7-4668-BE54-9A1E7A4F7556}") = "PuhkuseKalkulaator", "PuhkuseKalkulaator\PuhkuseKalkulaator.csproj", "{A0B6CB77-1328-45A9-ABC0-765842DC9543}"
EndProject
Global
	GlobalSection(SolutionConfigurationPlatforms) = preSolution
		Debug|Any CPU = Debug|Any CPU
		Release|Any CPU = Release|Any CPU
	EndGlobalSection
	GlobalSection(ProjectConfigurationPlatforms) = postSolution
		{A0B6CB77-1328-45A9-ABC0-765842DC9543}.Debug|Any CPU.ActiveCfg = Debug|Any CPU
		{A0B6CB77-1328-45A9-ABC0-765842DC9543}.Debug|Any CPU.Build.0 = Debug|Any CPU
		{A0B6CB77-1328-45A9-ABC0-765842DC9543}.Release|Any CPU.ActiveCfg = Release|Any CPU
		{A0B6CB77-1328-45A9-ABC0-765842DC9543}.Release|Any CPU.Build.0 = Release|Any CPU
	EndGlobalSection
	GlobalSection(SolutionProperties) = preSolution
		HideSolutionNode = FALSE
	EndGlobalSection
	GlobalSection(ExtensibilityGlobals) = postSolution
		SolutionGuid = {68186461-82EC-483D-98FC-CCF0A9004FE4}
	EndGlobalSection
EndGlobal
