{
  "name": "PuhkuseKalkulaator",
  "lockfileVersion": 2,
  "requires": true,
  "packages": {
    "": {
      "dependencies": {
        "vue-slider": "^0.0.1"
      }
    },
    "node_modules/vue-slider": {
      "version": "0.0.1",
      "resolved": "https://registry.npmjs.org/vue-slider/-/vue-slider-0.0.1.tgz",
      "integrity": "sha512-YrZlfWmtSq2eo7FNXYcJoZdoieqT7mzz3l7MB+XBqh7kWmPuvjtYIcuy79y3tZYLnlaE1MpkXsOnXWbb52YUIA=="
    }
  },
  "dependencies": {
    "vue-slider": {
      "version": "0.0.1",
      "resolved": "https://registry.npmjs.org/vue-slider/-/vue-slider-0.0.1.tgz",
      "integrity": "sha512-YrZlfWmtSq2eo7FNXYcJoZdoieqT7mzz3l7MB+XBqh7kWmPuvjtYIcuy79y3tZYLnlaE1MpkXsOnXWbb52YUIA=="
    }
  }
}
